Microsoft Visual Studio Solution File, Format Version 11.00
# Visual Studio 2008

Project("{C4057534-7957-0F6D-81C8-08CE0B5CE6DB}") = "q19.10.2017", "Assembly-CSharp.csproj", "{1AC4DC38-3EDC-C7E9-2E2B-589597EEB155}"
EndProject
Global
	GlobalSection(SolutionConfigurationPlatforms) = preSolution
		Debug|Any CPU = Debug|Any CPU
		Release|Any CPU = Release|Any CPU
	EndGlobalSection
	GlobalSection(ProjectConfigurationPlatforms) = postSolution
		{1AC4DC38-3EDC-C7E9-2E2B-589597EEB155}.Debug|Any CPU.ActiveCfg = Debug|Any CPU
		{1AC4DC38-3EDC-C7E9-2E2B-589597EEB155}.Debug|Any CPU.Build.0 = Debug|Any CPU
		{1AC4DC38-3EDC-C7E9-2E2B-589597EEB155}.Release|Any CPU.ActiveCfg = Release|Any CPU
		{1AC4DC38-3EDC-C7E9-2E2B-589597EEB155}.Release|Any CPU.Build.0 = Release|Any CPU
	EndGlobalSection
	GlobalSection(SolutionProperties) = preSolution
		HideSolutionNode = FALSE
	EndGlobalSection
	GlobalSection(MonoDevelopProperties) = preSolution
		StartupItem = Assembly-CSharp.csproj
	EndGlobalSection
EndGlobal
