Microsoft Visual Studio Solution File, Format Version 11.00
# Visual Studio 2008

Project("{C42020D5-F062-DC82-85D2-FAFB8A9BE36F}") = "q21.10.2017", "Assembly-CSharp.csproj", "{7DFE9B6D-6CA2-43EB-7BE3-6563951DF6AA}"
EndProject
Global
	GlobalSection(SolutionConfigurationPlatforms) = preSolution
		Debug|Any CPU = Debug|Any CPU
		Release|Any CPU = Release|Any CPU
	EndGlobalSection
	GlobalSection(ProjectConfigurationPlatforms) = postSolution
		{7DFE9B6D-6CA2-43EB-7BE3-6563951DF6AA}.Debug|Any CPU.ActiveCfg = Debug|Any CPU
		{7DFE9B6D-6CA2-43EB-7BE3-6563951DF6AA}.Debug|Any CPU.Build.0 = Debug|Any CPU
		{7DFE9B6D-6CA2-43EB-7BE3-6563951DF6AA}.Release|Any CPU.ActiveCfg = Release|Any CPU
		{7DFE9B6D-6CA2-43EB-7BE3-6563951DF6AA}.Release|Any CPU.Build.0 = Release|Any CPU
	EndGlobalSection
	GlobalSection(SolutionProperties) = preSolution
		HideSolutionNode = FALSE
	EndGlobalSection
	GlobalSection(MonoDevelopProperties) = preSolution
		StartupItem = Assembly-CSharp.csproj
	EndGlobalSection
EndGlobal
