Microsoft Visual Studio Solution File, Format Version 11.00
# Visual Studio 2008

Project("{762A7554-6999-F7BD-0315-E8DEF241E912}") = "quadrocopter-unity-opencv-habr_part1", "Assembly-CSharp.csproj", "{F61AB7C6-1292-1071-5D87-FFA9455F453C}"
EndProject
Global
	GlobalSection(SolutionConfigurationPlatforms) = preSolution
		Debug|Any CPU = Debug|Any CPU
		Release|Any CPU = Release|Any CPU
	EndGlobalSection
	GlobalSection(ProjectConfigurationPlatforms) = postSolution
		{F61AB7C6-1292-1071-5D87-FFA9455F453C}.Debug|Any CPU.ActiveCfg = Debug|Any CPU
		{F61AB7C6-1292-1071-5D87-FFA9455F453C}.Debug|Any CPU.Build.0 = Debug|Any CPU
		{F61AB7C6-1292-1071-5D87-FFA9455F453C}.Release|Any CPU.ActiveCfg = Release|Any CPU
		{F61AB7C6-1292-1071-5D87-FFA9455F453C}.Release|Any CPU.Build.0 = Release|Any CPU
	EndGlobalSection
	GlobalSection(SolutionProperties) = preSolution
		HideSolutionNode = FALSE
	EndGlobalSection
	GlobalSection(MonoDevelopProperties) = preSolution
		StartupItem = Assembly-CSharp.csproj
	EndGlobalSection
EndGlobal
